// !$*UTF8*$!
{
	archiveVersion = 1;
	classes = {
	};
	objectVersion = 56;
	objects = {

/* Begin PBXBuildFile section */
		A10000010000000000000001 /* HomeworkGraderApp.swift in Sources */ = {isa = PBXBuildFile; fileRef = A10000110000000000000001 /* HomeworkGraderApp.swift */; };
		A10000020000000000000001 /* ContentView.swift in Sources */ = {isa = PBXBuildFile; fileRef = A10000120000000000000001 /* ContentView.swift */; };
		A10000040000000000000001 /* OpenAIService.swift in Sources */ = {isa = PBXBuildFile; fileRef = A10000140000000000000001 /* OpenAIService.swift */; };
		A10000050000000000000001 /* AppSettings.swift in Sources */ = {isa = PBXBuildFile; fileRef = A10000150000000000000001 /* AppSettings.swift */; };
		A10000060000000000000001 /* DocumentScanner.swift in Sources */ = {isa = PBXBuildFile; fileRef = A10000160000000000000001 /* DocumentScanner.swift */; };
		A10000070000000000000001 /* Assets.xcassets in Resources */ = {isa = PBXBuildFile; fileRef = A10000170000000000000001 /* Assets.xcassets */; };
		A10000080000000000000001 /* HomeworkGraderTests.swift in Sources */ = {isa = PBXBuildFile; fileRef = A10000180000000000000001 /* HomeworkGraderTests.swift */; };
		A10000090000000000000001 /* LaunchScreen.storyboard in Resources */ = {isa = PBXBuildFile; fileRef = A100001A0000000000000001 /* LaunchScreen.storyboard */; };
		B10000010000000000000001 /* SessionDetailView.swift in Sources */ = {isa = PBXBuildFile; fileRef = B10000110000000000000001 /* SessionDetailView.swift */; };
		B10000020000000000000001 /* SubmissionProcessing.swift in Sources */ = {isa = PBXBuildFile; fileRef = B10000120000000000000001 /* SubmissionProcessing.swift */; };
		B10000040000000000000001 /* SharedComponents.swift in Sources */ = {isa = PBXBuildFile; fileRef = B10000140000000000000001 /* SharedComponents.swift */; };
		B10000050000000000000001 /* RenderedContentViews.swift in Sources */ = {isa = PBXBuildFile; fileRef = B10000150000000000000001 /* RenderedContentViews.swift */; };
		B10000060000000000000001 /* GradingDomain.swift in Sources */ = {isa = PBXBuildFile; fileRef = B10000160000000000000001 /* GradingDomain.swift */; };
		B10000070000000000000001 /* SessionExporters.swift in Sources */ = {isa = PBXBuildFile; fileRef = B10000170000000000000001 /* SessionExporters.swift */; };
		B10000080000000000000001 /* Notifications.swift in Sources */ = {isa = PBXBuildFile; fileRef = B10000180000000000000001 /* Notifications.swift */; };
		B10000090000000000000001 /* BackgroundBatchRefresh.swift in Sources */ = {isa = PBXBuildFile; fileRef = B10000190000000000000001 /* BackgroundBatchRefresh.swift */; };
		C10000010000000000000001 /* SubmissionArchiveStorage.swift in Sources */ = {isa = PBXBuildFile; fileRef = C10000110000000000000001 /* SubmissionArchiveStorage.swift */; };
		C10000020000000000000001 /* ModelCatalogs.swift in Sources */ = {isa = PBXBuildFile; fileRef = C10000120000000000000001 /* ModelCatalogs.swift */; };
		C10000060000000000000001 /* AnswerKeyReviewView.swift in Sources */ = {isa = PBXBuildFile; fileRef = C10000160000000000000001 /* AnswerKeyReviewView.swift */; };
		C10000070000000000000001 /* SubmissionReviewViews.swift in Sources */ = {isa = PBXBuildFile; fileRef = C10000170000000000000001 /* SubmissionReviewViews.swift */; };
		C10000080000000000000001 /* SavedSubmissionDetailView.swift in Sources */ = {isa = PBXBuildFile; fileRef = C10000180000000000000001 /* SavedSubmissionDetailView.swift */; };
		C10000090000000000000001 /* RubricEditors.swift in Sources */ = {isa = PBXBuildFile; fileRef = C10000190000000000000001 /* RubricEditors.swift */; };
		C100000A0000000000000001 /* OpenAIServiceTypes.swift in Sources */ = {isa = PBXBuildFile; fileRef = C100001A0000000000000001 /* OpenAIServiceTypes.swift */; };
		C100000B0000000000000001 /* OpenAIServiceDefinitions.swift in Sources */ = {isa = PBXBuildFile; fileRef = C100001B0000000000000001 /* OpenAIServiceDefinitions.swift */; };
		C100000C0000000000000001 /* OpenAIServiceTransport.swift in Sources */ = {isa = PBXBuildFile; fileRef = C100001C0000000000000001 /* OpenAIServiceTransport.swift */; };
		C100000D0000000000000001 /* OpenAIServiceBatching.swift in Sources */ = {isa = PBXBuildFile; fileRef = C100001D0000000000000001 /* OpenAIServiceBatching.swift */; };
		D10000010000000000000001 /* SessionDetailView+Tabs.swift in Sources */ = {isa = PBXBuildFile; fileRef = D10000110000000000000001 /* SessionDetailView+Tabs.swift */; };
		D10000020000000000000001 /* SessionDetailView+Capture.swift in Sources */ = {isa = PBXBuildFile; fileRef = D10000120000000000000001 /* SessionDetailView+Capture.swift */; };
		D10000030000000000000001 /* SessionDetailView+Batching.swift in Sources */ = {isa = PBXBuildFile; fileRef = D10000130000000000000001 /* SessionDetailView+Batching.swift */; };
		D10000040000000000000001 /* SessionDetailView+State.swift in Sources */ = {isa = PBXBuildFile; fileRef = D10000140000000000000001 /* SessionDetailView+State.swift */; };
		E10000010000000000000001 /* PersistentModels.swift in Sources */ = {isa = PBXBuildFile; fileRef = E10000110000000000000001 /* PersistentModels.swift */; };
/* End PBXBuildFile section */

/* Begin PBXContainerItemProxy section */
		A10000310000000000000001 /* PBXContainerItemProxy */ = {
			isa = PBXContainerItemProxy;
			containerPortal = A10000200000000000000001 /* Project object */;
			proxyType = 1;
			remoteGlobalIDString = A10000210000000000000001;
			remoteInfo = HomeworkGrader;
		};
/* End PBXContainerItemProxy section */

/* Begin PBXFileReference section */
		A10000100000000000000001 /* HomeworkGrader.app */ = {isa = PBXFileReference; explicitFileType = wrapper.application; includeInIndex = 0; path = HomeworkGrader.app; sourceTree = BUILT_PRODUCTS_DIR; };
		A10000110000000000000001 /* HomeworkGraderApp.swift */ = {isa = PBXFileReference; lastKnownFileType = sourcecode.swift; path = HomeworkGraderApp.swift; sourceTree = "<group>"; };
		A10000120000000000000001 /* ContentView.swift */ = {isa = PBXFileReference; lastKnownFileType = sourcecode.swift; path = ContentView.swift; sourceTree = "<group>"; };
		A10000140000000000000001 /* OpenAIService.swift */ = {isa = PBXFileReference; lastKnownFileType = sourcecode.swift; path = OpenAIService.swift; sourceTree = "<group>"; };
		A10000150000000000000001 /* AppSettings.swift */ = {isa = PBXFileReference; lastKnownFileType = sourcecode.swift; path = AppSettings.swift; sourceTree = "<group>"; };
		A10000160000000000000001 /* DocumentScanner.swift */ = {isa = PBXFileReference; lastKnownFileType = sourcecode.swift; path = DocumentScanner.swift; sourceTree = "<group>"; };
		A10000170000000000000001 /* Assets.xcassets */ = {isa = PBXFileReference; lastKnownFileType = folder.assetcatalog; path = Assets.xcassets; sourceTree = "<group>"; };
		A10000180000000000000001 /* HomeworkGraderTests.swift */ = {isa = PBXFileReference; lastKnownFileType = sourcecode.swift; path = HomeworkGraderTests.swift; sourceTree = "<group>"; };
		A10000190000000000000001 /* HomeworkGraderTests.xctest */ = {isa = PBXFileReference; explicitFileType = wrapper.cfbundle; includeInIndex = 0; path = HomeworkGraderTests.xctest; sourceTree = BUILT_PRODUCTS_DIR; };
		A100001A0000000000000001 /* LaunchScreen.storyboard */ = {isa = PBXFileReference; lastKnownFileType = file.storyboard; path = LaunchScreen.storyboard; sourceTree = "<group>"; };
		B10000110000000000000001 /* SessionDetailView.swift */ = {isa = PBXFileReference; lastKnownFileType = sourcecode.swift; path = SessionDetailView.swift; sourceTree = "<group>"; };
		B10000120000000000000001 /* SubmissionProcessing.swift */ = {isa = PBXFileReference; lastKnownFileType = sourcecode.swift; path = SubmissionProcessing.swift; sourceTree = "<group>"; };
		B10000140000000000000001 /* SharedComponents.swift */ = {isa = PBXFileReference; lastKnownFileType = sourcecode.swift; path = SharedComponents.swift; sourceTree = "<group>"; };
		B10000150000000000000001 /* RenderedContentViews.swift */ = {isa = PBXFileReference; lastKnownFileType = sourcecode.swift; path = RenderedContentViews.swift; sourceTree = "<group>"; };
		B10000160000000000000001 /* GradingDomain.swift */ = {isa = PBXFileReference; lastKnownFileType = sourcecode.swift; path = GradingDomain.swift; sourceTree = "<group>"; };
		B10000170000000000000001 /* SessionExporters.swift */ = {isa = PBXFileReference; lastKnownFileType = sourcecode.swift; path = SessionExporters.swift; sourceTree = "<group>"; };
		B10000180000000000000001 /* Notifications.swift */ = {isa = PBXFileReference; lastKnownFileType = sourcecode.swift; path = Notifications.swift; sourceTree = "<group>"; };
		B10000190000000000000001 /* BackgroundBatchRefresh.swift */ = {isa = PBXFileReference; lastKnownFileType = sourcecode.swift; path = BackgroundBatchRefresh.swift; sourceTree = "<group>"; };
		C10000110000000000000001 /* SubmissionArchiveStorage.swift */ = {isa = PBXFileReference; lastKnownFileType = sourcecode.swift; path = SubmissionArchiveStorage.swift; sourceTree = "<group>"; };
		C10000120000000000000001 /* ModelCatalogs.swift */ = {isa = PBXFileReference; lastKnownFileType = sourcecode.swift; path = ModelCatalogs.swift; sourceTree = "<group>"; };
		C10000160000000000000001 /* AnswerKeyReviewView.swift */ = {isa = PBXFileReference; lastKnownFileType = sourcecode.swift; path = AnswerKeyReviewView.swift; sourceTree = "<group>"; };
		C10000170000000000000001 /* SubmissionReviewViews.swift */ = {isa = PBXFileReference; lastKnownFileType = sourcecode.swift; path = SubmissionReviewViews.swift; sourceTree = "<group>"; };
		C10000180000000000000001 /* SavedSubmissionDetailView.swift */ = {isa = PBXFileReference; lastKnownFileType = sourcecode.swift; path = SavedSubmissionDetailView.swift; sourceTree = "<group>"; };
		C10000190000000000000001 /* RubricEditors.swift */ = {isa = PBXFileReference; lastKnownFileType = sourcecode.swift; path = RubricEditors.swift; sourceTree = "<group>"; };
		C100001A0000000000000001 /* OpenAIServiceTypes.swift */ = {isa = PBXFileReference; lastKnownFileType = sourcecode.swift; path = OpenAIServiceTypes.swift; sourceTree = "<group>"; };
		C100001B0000000000000001 /* OpenAIServiceDefinitions.swift */ = {isa = PBXFileReference; lastKnownFileType = sourcecode.swift; path = OpenAIServiceDefinitions.swift; sourceTree = "<group>"; };
		C100001C0000000000000001 /* OpenAIServiceTransport.swift */ = {isa = PBXFileReference; lastKnownFileType = sourcecode.swift; path = OpenAIServiceTransport.swift; sourceTree = "<group>"; };
		C100001D0000000000000001 /* OpenAIServiceBatching.swift */ = {isa = PBXFileReference; lastKnownFileType = sourcecode.swift; path = OpenAIServiceBatching.swift; sourceTree = "<group>"; };
		D10000110000000000000001 /* SessionDetailView+Tabs.swift */ = {isa = PBXFileReference; lastKnownFileType = sourcecode.swift; path = "SessionDetailView+Tabs.swift"; sourceTree = "<group>"; };
		D10000120000000000000001 /* SessionDetailView+Capture.swift */ = {isa = PBXFileReference; lastKnownFileType = sourcecode.swift; path = "SessionDetailView+Capture.swift"; sourceTree = "<group>"; };
		D10000130000000000000001 /* SessionDetailView+Batching.swift */ = {isa = PBXFileReference; lastKnownFileType = sourcecode.swift; path = "SessionDetailView+Batching.swift"; sourceTree = "<group>"; };
		D10000140000000000000001 /* SessionDetailView+State.swift */ = {isa = PBXFileReference; lastKnownFileType = sourcecode.swift; path = "SessionDetailView+State.swift"; sourceTree = "<group>"; };
		E10000110000000000000001 /* PersistentModels.swift */ = {isa = PBXFileReference; lastKnownFileType = sourcecode.swift; path = PersistentModels.swift; sourceTree = "<group>"; };
/* End PBXFileReference section */

/* Begin PBXFrameworksBuildPhase section */
		A10000260000000000000001 /* Frameworks */ = {
			isa = PBXFrameworksBuildPhase;
			buildActionMask = 2147483647;
			files = (
			);
			runOnlyForDeploymentPostprocessing = 0;
		};
		A10000270000000000000001 /* Frameworks */ = {
			isa = PBXFrameworksBuildPhase;
			buildActionMask = 2147483647;
			files = (
			);
			runOnlyForDeploymentPostprocessing = 0;
		};
/* End PBXFrameworksBuildPhase section */

/* Begin PBXGroup section */
		A10000220000000000000001 = {
			isa = PBXGroup;
			children = (
				A10000230000000000000001 /* HomeworkGrader */,
				A10000240000000000000001 /* HomeworkGraderTests */,
				A10000250000000000000001 /* Products */,
			);
			sourceTree = "<group>";
		};
		A10000230000000000000001 /* HomeworkGrader */ = {
			isa = PBXGroup;
			children = (
				A10000110000000000000001 /* HomeworkGraderApp.swift */,
				A10000120000000000000001 /* ContentView.swift */,
				C10000120000000000000001 /* ModelCatalogs.swift */,
				C10000110000000000000001 /* SubmissionArchiveStorage.swift */,
				E10000110000000000000001 /* PersistentModels.swift */,
				B10000160000000000000001 /* GradingDomain.swift */,
				A10000140000000000000001 /* OpenAIService.swift */,
				C100001A0000000000000001 /* OpenAIServiceTypes.swift */,
				C100001B0000000000000001 /* OpenAIServiceDefinitions.swift */,
				C100001C0000000000000001 /* OpenAIServiceTransport.swift */,
				C100001D0000000000000001 /* OpenAIServiceBatching.swift */,
				B10000170000000000000001 /* SessionExporters.swift */,
				A10000150000000000000001 /* AppSettings.swift */,
				A10000160000000000000001 /* DocumentScanner.swift */,
				B10000110000000000000001 /* SessionDetailView.swift */,
				D10000110000000000000001 /* SessionDetailView+Tabs.swift */,
				D10000120000000000000001 /* SessionDetailView+Capture.swift */,
				D10000130000000000000001 /* SessionDetailView+Batching.swift */,
				D10000140000000000000001 /* SessionDetailView+State.swift */,
				C10000160000000000000001 /* AnswerKeyReviewView.swift */,
				C10000170000000000000001 /* SubmissionReviewViews.swift */,
				C10000180000000000000001 /* SavedSubmissionDetailView.swift */,
				C10000190000000000000001 /* RubricEditors.swift */,
				B10000120000000000000001 /* SubmissionProcessing.swift */,
				B10000140000000000000001 /* SharedComponents.swift */,
				B10000150000000000000001 /* RenderedContentViews.swift */,
				B10000180000000000000001 /* Notifications.swift */,
				B10000190000000000000001 /* BackgroundBatchRefresh.swift */,
				A100001A0000000000000001 /* LaunchScreen.storyboard */,
				A10000170000000000000001 /* Assets.xcassets */,
			);
			path = HomeworkGrader;
			sourceTree = "<group>";
		};
		A10000240000000000000001 /* HomeworkGraderTests */ = {
			isa = PBXGroup;
			children = (
				A10000180000000000000001 /* HomeworkGraderTests.swift */,
			);
			path = HomeworkGraderTests;
			sourceTree = "<group>";
		};
		A10000250000000000000001 /* Products */ = {
			isa = PBXGroup;
			children = (
				A10000100000000000000001 /* HomeworkGrader.app */,
				A10000190000000000000001 /* HomeworkGraderTests.xctest */,
			);
			name = Products;
			sourceTree = "<group>";
		};
/* End PBXGroup section */

/* Begin PBXNativeTarget section */
		A10000210000000000000001 /* HomeworkGrader */ = {
			isa = PBXNativeTarget;
			buildConfigurationList = A10000410000000000000001 /* Build configuration list for PBXNativeTarget "HomeworkGrader" */;
			buildPhases = (
				A10000280000000000000001 /* Sources */,
				A10000260000000000000001 /* Frameworks */,
				A10000290000000000000001 /* Resources */,
			);
			buildRules = (
			);
			dependencies = (
			);
			name = HomeworkGrader;
			productName = HomeworkGrader;
			productReference = A10000100000000000000001 /* HomeworkGrader.app */;
			productType = "com.apple.product-type.application";
		};
		A100002A0000000000000001 /* HomeworkGraderTests */ = {
			isa = PBXNativeTarget;
			buildConfigurationList = A10000420000000000000001 /* Build configuration list for PBXNativeTarget "HomeworkGraderTests" */;
			buildPhases = (
				A100002B0000000000000001 /* Sources */,
				A10000270000000000000001 /* Frameworks */,
				A100002C0000000000000001 /* Resources */,
			);
			buildRules = (
			);
			dependencies = (
				A10000320000000000000001 /* PBXTargetDependency */,
			);
			name = HomeworkGraderTests;
			productName = HomeworkGraderTests;
			productReference = A10000190000000000000001 /* HomeworkGraderTests.xctest */;
			productType = "com.apple.product-type.bundle.unit-test";
		};
/* End PBXNativeTarget section */

/* Begin PBXProject section */
		A10000200000000000000001 /* Project object */ = {
			isa = PBXProject;
			attributes = {
				BuildIndependentTargetsInParallel = 1;
				LastSwiftUpdateCheck = 1540;
				LastUpgradeCheck = 1540;
				TargetAttributes = {
					A10000210000000000000001 = {
						CreatedOnToolsVersion = 15.4;
					};
					A100002A0000000000000001 = {
						CreatedOnToolsVersion = 15.4;
						TestTargetID = A10000210000000000000001;
					};
				};
			};
			buildConfigurationList = A100003E0000000000000001 /* Build configuration list for PBXProject "HomeworkGrader" */;
			compatibilityVersion = "Xcode 14.0";
			developmentRegion = en;
			hasScannedForEncodings = 0;
			knownRegions = (
				en,
				Base,
			);
			mainGroup = A10000220000000000000001;
			productRefGroup = A10000250000000000000001 /* Products */;
			projectDirPath = "";
			projectRoot = "";
			targets = (
				A10000210000000000000001 /* HomeworkGrader */,
				A100002A0000000000000001 /* HomeworkGraderTests */,
			);
		};
/* End PBXProject section */

/* Begin PBXResourcesBuildPhase section */
		A10000290000000000000001 /* Resources */ = {
			isa = PBXResourcesBuildPhase;
			buildActionMask = 2147483647;
			files = (
				A10000090000000000000001 /* LaunchScreen.storyboard in Resources */,
				A10000070000000000000001 /* Assets.xcassets in Resources */,
			);
			runOnlyForDeploymentPostprocessing = 0;
		};
		A100002C0000000000000001 /* Resources */ = {
			isa = PBXResourcesBuildPhase;
			buildActionMask = 2147483647;
			files = (
			);
			runOnlyForDeploymentPostprocessing = 0;
		};
/* End PBXResourcesBuildPhase section */

/* Begin PBXSourcesBuildPhase section */
		A10000280000000000000001 /* Sources */ = {
			isa = PBXSourcesBuildPhase;
			buildActionMask = 2147483647;
			files = (
				A10000050000000000000001 /* AppSettings.swift in Sources */,
				C10000060000000000000001 /* AnswerKeyReviewView.swift in Sources */,
				B10000090000000000000001 /* BackgroundBatchRefresh.swift in Sources */,
				A10000020000000000000001 /* ContentView.swift in Sources */,
				A10000060000000000000001 /* DocumentScanner.swift in Sources */,
				B10000060000000000000001 /* GradingDomain.swift in Sources */,
				A10000010000000000000001 /* HomeworkGraderApp.swift in Sources */,
				C10000020000000000000001 /* ModelCatalogs.swift in Sources */,
				B10000080000000000000001 /* Notifications.swift in Sources */,
				A10000040000000000000001 /* OpenAIService.swift in Sources */,
				C100000D0000000000000001 /* OpenAIServiceBatching.swift in Sources */,
				C100000B0000000000000001 /* OpenAIServiceDefinitions.swift in Sources */,
				C100000C0000000000000001 /* OpenAIServiceTransport.swift in Sources */,
				C100000A0000000000000001 /* OpenAIServiceTypes.swift in Sources */,
				E10000010000000000000001 /* PersistentModels.swift in Sources */,
				B10000050000000000000001 /* RenderedContentViews.swift in Sources */,
				C10000090000000000000001 /* RubricEditors.swift in Sources */,
				C10000080000000000000001 /* SavedSubmissionDetailView.swift in Sources */,
				B10000070000000000000001 /* SessionExporters.swift in Sources */,
				B10000010000000000000001 /* SessionDetailView.swift in Sources */,
				D10000030000000000000001 /* SessionDetailView+Batching.swift in Sources */,
				D10000020000000000000001 /* SessionDetailView+Capture.swift in Sources */,
				D10000040000000000000001 /* SessionDetailView+State.swift in Sources */,
				D10000010000000000000001 /* SessionDetailView+Tabs.swift in Sources */,
				B10000040000000000000001 /* SharedComponents.swift in Sources */,
				B10000020000000000000001 /* SubmissionProcessing.swift in Sources */,
				C10000010000000000000001 /* SubmissionArchiveStorage.swift in Sources */,
				C10000070000000000000001 /* SubmissionReviewViews.swift in Sources */,
			);
			runOnlyForDeploymentPostprocessing = 0;
		};
		A100002B0000000000000001 /* Sources */ = {
			isa = PBXSourcesBuildPhase;
			buildActionMask = 2147483647;
			files = (
				A10000080000000000000001 /* HomeworkGraderTests.swift in Sources */,
			);
			runOnlyForDeploymentPostprocessing = 0;
		};
/* End PBXSourcesBuildPhase section */

/* Begin PBXTargetDependency section */
		A10000320000000000000001 /* PBXTargetDependency */ = {
			isa = PBXTargetDependency;
			target = A10000210000000000000001 /* HomeworkGrader */;
			targetProxy = A10000310000000000000001 /* PBXContainerItemProxy */;
		};
/* End PBXTargetDependency section */

/* Begin XCBuildConfiguration section */
		A10000330000000000000001 /* Debug */ = {
			isa = XCBuildConfiguration;
			buildSettings = {
				ALWAYS_SEARCH_USER_PATHS = NO;
				CLANG_ENABLE_MODULES = YES;
				CLANG_ENABLE_OBJC_ARC = YES;
				COPY_PHASE_STRIP = NO;
				DEBUG_INFORMATION_FORMAT = dwarf;
				ENABLE_STRICT_OBJC_MSGSEND = YES;
				GCC_C_LANGUAGE_STANDARD = gnu17;
				GCC_DYNAMIC_NO_PIC = NO;
				GCC_NO_COMMON_BLOCKS = YES;
				GCC_OPTIMIZATION_LEVEL = 0;
				GCC_PREPROCESSOR_DEFINITIONS = (
					"DEBUG=1",
					"$(inherited)",
				);
				IPHONEOS_DEPLOYMENT_TARGET = 17.0;
				SDKROOT = iphoneos;
				SWIFT_ACTIVE_COMPILATION_CONDITIONS = "DEBUG $(inherited)";
			};
			name = Debug;
		};
		A10000340000000000000001 /* Release */ = {
			isa = XCBuildConfiguration;
			buildSettings = {
				ALWAYS_SEARCH_USER_PATHS = NO;
				CLANG_ENABLE_MODULES = YES;
				CLANG_ENABLE_OBJC_ARC = YES;
				COPY_PHASE_STRIP = NO;
				DEBUG_INFORMATION_FORMAT = "dwarf-with-dsym";
				ENABLE_NS_ASSERTIONS = NO;
				ENABLE_STRICT_OBJC_MSGSEND = YES;
				GCC_C_LANGUAGE_STANDARD = gnu17;
				GCC_NO_COMMON_BLOCKS = YES;
				IPHONEOS_DEPLOYMENT_TARGET = 17.0;
				SDKROOT = iphoneos;
				SWIFT_COMPILATION_MODE = wholemodule;
				VALIDATE_PRODUCT = YES;
			};
			name = Release;
		};
		A10000350000000000000001 /* Debug */ = {
			isa = XCBuildConfiguration;
			buildSettings = {
				ASSETCATALOG_COMPILER_APPICON_NAME = AppIcon;
				ASSETCATALOG_COMPILER_GLOBAL_ACCENT_COLOR_NAME = AccentColor;
					CODE_SIGN_STYLE = Automatic;
					CURRENT_PROJECT_VERSION = 1;
					DEVELOPMENT_TEAM = L57NK97723;
					ENABLE_PREVIEWS = YES;
					ENABLE_TESTABILITY = YES;
					GENERATE_INFOPLIST_FILE = NO;
					INFOPLIST_FILE = HomeworkGrader/Info.plist;
					LD_RUNPATH_SEARCH_PATHS = (
						"$(inherited)",
						"@executable_path/Frameworks",
				);
				MARKETING_VERSION = 1.0;
				PRODUCT_BUNDLE_IDENTIFIER = com.example.HomeworkGrader;
				PRODUCT_NAME = "$(TARGET_NAME)";
				SDKROOT = iphoneos;
				SUPPORTED_PLATFORMS = "iphoneos iphonesimulator";
				SWIFT_EMIT_LOC_STRINGS = YES;
				SWIFT_OPTIMIZATION_LEVEL = "-Onone";
				SWIFT_VERSION = 5.0;
				TARGETED_DEVICE_FAMILY = 1;
			};
			name = Debug;
		};
		A10000360000000000000001 /* Release */ = {
			isa = XCBuildConfiguration;
				buildSettings = {
					ASSETCATALOG_COMPILER_APPICON_NAME = AppIcon;
					ASSETCATALOG_COMPILER_GLOBAL_ACCENT_COLOR_NAME = AccentColor;
					CODE_SIGN_STYLE = Automatic;
					CURRENT_PROJECT_VERSION = 1;
					DEVELOPMENT_TEAM = L57NK97723;
					ENABLE_PREVIEWS = YES;
					GENERATE_INFOPLIST_FILE = NO;
					INFOPLIST_FILE = HomeworkGrader/Info.plist;
					LD_RUNPATH_SEARCH_PATHS = (
						"$(inherited)",
						"@executable_path/Frameworks",
				);
				MARKETING_VERSION = 1.0;
				PRODUCT_BUNDLE_IDENTIFIER = com.example.HomeworkGrader;
				PRODUCT_NAME = "$(TARGET_NAME)";
				SDKROOT = iphoneos;
				SUPPORTED_PLATFORMS = "iphoneos iphonesimulator";
				SWIFT_EMIT_LOC_STRINGS = YES;
				SWIFT_VERSION = 5.0;
				TARGETED_DEVICE_FAMILY = 1;
			};
			name = Release;
		};
		A10000370000000000000001 /* Debug */ = {
			isa = XCBuildConfiguration;
			buildSettings = {
				BUNDLE_LOADER = "$(TEST_HOST)";
				CODE_SIGN_STYLE = Automatic;
				CURRENT_PROJECT_VERSION = 1;
				DEVELOPMENT_TEAM = "";
				ENABLE_TESTABILITY = YES;
				GENERATE_INFOPLIST_FILE = YES;
				IPHONEOS_DEPLOYMENT_TARGET = 17.0;
				LD_RUNPATH_SEARCH_PATHS = (
					"$(inherited)",
					"@loader_path/Frameworks",
					"@executable_path/Frameworks",
				);
				PRODUCT_BUNDLE_IDENTIFIER = com.example.HomeworkGraderTests;
				PRODUCT_NAME = "$(TARGET_NAME)";
				SDKROOT = iphoneos;
				SUPPORTED_PLATFORMS = "iphoneos iphonesimulator";
				SWIFT_OPTIMIZATION_LEVEL = "-Onone";
				SWIFT_VERSION = 5.0;
				TARGETED_DEVICE_FAMILY = 1;
				TEST_HOST = "$(BUILT_PRODUCTS_DIR)/HomeworkGrader.app/HomeworkGrader";
			};
			name = Debug;
		};
		A10000380000000000000001 /* Release */ = {
			isa = XCBuildConfiguration;
			buildSettings = {
				BUNDLE_LOADER = "$(TEST_HOST)";
				CODE_SIGN_STYLE = Automatic;
				CURRENT_PROJECT_VERSION = 1;
				DEVELOPMENT_TEAM = "";
				GENERATE_INFOPLIST_FILE = YES;
				IPHONEOS_DEPLOYMENT_TARGET = 17.0;
				LD_RUNPATH_SEARCH_PATHS = (
					"$(inherited)",
					"@loader_path/Frameworks",
					"@executable_path/Frameworks",
				);
				PRODUCT_BUNDLE_IDENTIFIER = com.example.HomeworkGraderTests;
				PRODUCT_NAME = "$(TARGET_NAME)";
				SDKROOT = iphoneos;
				SUPPORTED_PLATFORMS = "iphoneos iphonesimulator";
				SWIFT_VERSION = 5.0;
				TARGETED_DEVICE_FAMILY = 1;
				TEST_HOST = "$(BUILT_PRODUCTS_DIR)/HomeworkGrader.app/HomeworkGrader";
			};
			name = Release;
		};
/* End XCBuildConfiguration section */

/* Begin XCConfigurationList section */
		A100003E0000000000000001 /* Build configuration list for PBXProject "HomeworkGrader" */ = {
			isa = XCConfigurationList;
			buildConfigurations = (
				A10000330000000000000001 /* Debug */,
				A10000340000000000000001 /* Release */,
			);
			defaultConfigurationIsVisible = 0;
			defaultConfigurationName = Release;
		};
		A10000410000000000000001 /* Build configuration list for PBXNativeTarget "HomeworkGrader" */ = {
			isa = XCConfigurationList;
			buildConfigurations = (
				A10000350000000000000001 /* Debug */,
				A10000360000000000000001 /* Release */,
			);
			defaultConfigurationIsVisible = 0;
			defaultConfigurationName = Release;
		};
		A10000420000000000000001 /* Build configuration list for PBXNativeTarget "HomeworkGraderTests" */ = {
			isa = XCConfigurationList;
			buildConfigurations = (
				A10000370000000000000001 /* Debug */,
				A10000380000000000000001 /* Release */,
			);
			defaultConfigurationIsVisible = 0;
			defaultConfigurationName = Release;
		};
/* End XCConfigurationList section */
	};
	rootObject = A10000200000000000000001 /* Project object */;
}
